<?xml version="1.0" encoding="utf-8"?>
<Project ToolsVersion="4.0" xmlns="http://schemas.microsoft.com/developer/msbuild/2003">
  <ItemGroup>
    <Filter Include="Source Files">
      <UniqueIdentifier>{4FC737F1-C7A5-4376-A066-2A32D752A2FF}</UniqueIdentifier>
      <Extensions>cpp;c;cc;cxx;c++;cppm;ixx;def;odl;idl;hpj;bat;asm;asmx</Extensions>
    </Filter>
    <Filter Include="Header Files">
      <UniqueIdentifier>{93995380-89BD-4b04-88EB-625FBE52EBFB}</UniqueIdentifier>
      <Extensions>h;hh;hpp;hxx;h++;hm;inl;inc;ipp;xsd</Extensions>
    </Filter>
    <Filter Include="Resource Files">
      <UniqueIdentifier>{67DA6AB6-F800-4c08-8B7A-83BB121AAD01}</UniqueIdentifier>
      <Extensions>rc;ico;cur;bmp;dlg;rc2;rct;bin;rgs;gif;jpg;jpeg;jpe;resx;tiff;tif;png;wav;mfcribbon-ms</Extensions>
    </Filter>
    <Filter Include="Header Files\MysteriousTeacher">
      <UniqueIdentifier>{073cc337-6df9-4b8a-8138-f5a08cc50913}</UniqueIdentifier>
    </Filter>
    <Filter Include="Source Files\MysteriousTeacher">
      <UniqueIdentifier>{6576b7f3-0a46-4620-8163-48184d836ed5}</UniqueIdentifier>
    </Filter>
    <Filter Include="Header Files\SkillLevelManager">
      <UniqueIdentifier>{e5011233-a710-489e-a46f-c868b74e88b2}</UniqueIdentifier>
    </Filter>
    <Filter Include="Source Files\SkillLevelManager">
      <UniqueIdentifier>{29618d0a-6139-4fe8-b6c9-d8bbed81c34b}</UniqueIdentifier>
    </Filter>
    <Filter Include="Header Files\Unit">
      <UniqueIdentifier>{41c75272-167b-4c7d-a9e4-085fbeff800e}</UniqueIdentifier>
    </Filter>
    <Filter Include="Header Files\Unit\Ability">
      <UniqueIdentifier>{bbaff029-9291-4087-abff-0db64df3d909}</UniqueIdentifier>
    </Filter>
    <Filter Include="Header Files\Unit\Equipment">
      <UniqueIdentifier>{ba6606f8-1243-4a97-ae0b-db0384fcce46}</UniqueIdentifier>
    </Filter>
    <Filter Include="Header Files\Unit\Weapon">
      <UniqueIdentifier>{cb24bd77-77ae-4368-ac99-594c172b3e62}</UniqueIdentifier>
    </Filter>
    <Filter Include="Header Files\GridMain">
      <UniqueIdentifier>{991d6234-c25f-4605-bec8-f5558f3deb33}</UniqueIdentifier>
    </Filter>
    <Filter Include="Source Files\GridMain">
      <UniqueIdentifier>{32c97707-805c-450a-aa5b-f577abc15754}</UniqueIdentifier>
    </Filter>
    <Filter Include="Source Files\GTBMain">
      <UniqueIdentifier>{f2d491c9-5c36-4fd1-8361-61362995ea53}</UniqueIdentifier>
    </Filter>
    <Filter Include="Header Files\ListBox">
      <UniqueIdentifier>{59d01672-ca6e-4fea-b1d9-d3f6dcad0562}</UniqueIdentifier>
    </Filter>
    <Filter Include="Source Files\ListBox">
      <UniqueIdentifier>{d1256d7d-28f8-44ad-973f-36aa9113d3bc}</UniqueIdentifier>
    </Filter>
    <Filter Include="Header Files\GTBMain">
      <UniqueIdentifier>{88839e34-ef0e-4f8c-9604-a98f7a8e8b12}</UniqueIdentifier>
    </Filter>
    <Filter Include="Header Files\OUTDATE BUT CODE STILL">
      <UniqueIdentifier>{da9abc0c-ce86-40f1-80df-a07d64e1985b}</UniqueIdentifier>
    </Filter>
    <Filter Include="Source Files\OUTDATE BUT CODE STILL">
      <UniqueIdentifier>{2178bd34-e91d-4eb7-910c-2bfa5ea2d5d7}</UniqueIdentifier>
    </Filter>
    <Filter Include="Source Files\ListBox\ListBoxSL">
      <UniqueIdentifier>{b6abd920-fa8c-48ec-a7fc-16a095849756}</UniqueIdentifier>
    </Filter>
    <Filter Include="Header Files\ListBox\ListBoxSL">
      <UniqueIdentifier>{c6819944-12ba-462b-90aa-386a56b43d10}</UniqueIdentifier>
    </Filter>
    <Filter Include="Header Files\ListBox\ListBoxCharClassA">
      <UniqueIdentifier>{50706dff-7298-4c5d-a51e-a71442e99352}</UniqueIdentifier>
    </Filter>
    <Filter Include="Source Files\ListBox\ListBoxCharClassA">
      <UniqueIdentifier>{fe78972c-f3f5-4859-9e4b-03eebd669cdd}</UniqueIdentifier>
    </Filter>
  </ItemGroup>
  <ItemGroup>
    <ClInclude Include="include\AbilityList.h">
      <Filter>Header Files</Filter>
    </ClInclude>
    <ClInclude Include="include\constants.h">
      <Filter>Header Files</Filter>
    </ClInclude>
    <ClInclude Include="include\Growth.h">
      <Filter>Header Files</Filter>
    </ClInclude>
    <ClInclude Include="include\main.h">
      <Filter>Header Files</Filter>
    </ClInclude>
    <ClInclude Include="include\UnitList.h">
      <Filter>Header Files</Filter>
    </ClInclude>
    <ClInclude Include="include\MysteriousTeacher\DropDownCharacters.h">
      <Filter>Header Files\MysteriousTeacher</Filter>
    </ClInclude>
    <ClInclude Include="include\MysteriousTeacher\DropDownClasses.h">
      <Filter>Header Files\MysteriousTeacher</Filter>
    </ClInclude>
    <ClInclude Include="include\MysteriousTeacher\GridMysteriousTeacher.h">
      <Filter>Header Files\MysteriousTeacher</Filter>
    </ClInclude>
    <ClInclude Include="include\MysteriousTeacher\GTBMysteriousTeacher.h">
      <Filter>Header Files\MysteriousTeacher</Filter>
    </ClInclude>
    <ClInclude Include="include\MysteriousTeacher\MysteriousTeacher.h">
      <Filter>Header Files\MysteriousTeacher</Filter>
    </ClInclude>
    <ClInclude Include="include\MysteriousTeacher\SpinCtrlLevel.h">
      <Filter>Header Files\MysteriousTeacher</Filter>
    </ClInclude>
    <ClInclude Include="include\SkillLevelManager\DropDownSkillLevel.h">
      <Filter>Header Files\SkillLevelManager</Filter>
    </ClInclude>
    <ClInclude Include="include\SkillLevelManager\SkillLevelManager.h">
      <Filter>Header Files\SkillLevelManager</Filter>
    </ClInclude>
    <ClInclude Include="include\SkillLevelManager\StaticTextSkillLevel.h">
      <Filter>Header Files\SkillLevelManager</Filter>
    </ClInclude>
    <ClInclude Include="include\Unit\Ability\Ability.h">
      <Filter>Header Files\Unit\Ability</Filter>
    </ClInclude>
    <ClInclude Include="include\Unit\Weapon\Axe.h">
      <Filter>Header Files\Unit\Weapon</Filter>
    </ClInclude>
    <ClInclude Include="include\Unit\Battalion.h">
      <Filter>Header Files\Unit</Filter>
    </ClInclude>
    <ClInclude Include="include\Unit\Weapon\BlackMagic.h">
      <Filter>Header Files\Unit\Weapon</Filter>
    </ClInclude>
    <ClInclude Include="include\Unit\Ability\BlankAbility.h">
      <Filter>Header Files\Unit\Ability</Filter>
    </ClInclude>
    <ClInclude Include="include\Unit\Equipment\BlankEquipment.h">
      <Filter>Header Files\Unit\Equipment</Filter>
    </ClInclude>
    <ClInclude Include="include\Unit\Weapon\BlankWeapon.h">
      <Filter>Header Files\Unit\Weapon</Filter>
    </ClInclude>
    <ClInclude Include="include\Unit\Weapon\Bow.h">
      <Filter>Header Files\Unit\Weapon</Filter>
    </ClInclude>
    <ClInclude Include="include\Unit\Character.h">
      <Filter>Header Files\Unit</Filter>
    </ClInclude>
    <ClInclude Include="include\Unit\Ability\CharacterInnateAbility.h">
      <Filter>Header Files\Unit\Ability</Filter>
    </ClInclude>
    <ClInclude Include="include\Unit\Class.h">
      <Filter>Header Files\Unit</Filter>
    </ClInclude>
    <ClInclude Include="include\Unit\Ability\ClassInnateAbility.h">
      <Filter>Header Files\Unit\Ability</Filter>
    </ClInclude>
    <ClInclude Include="include\Unit\Ability\ClassMasteryAbility.h">
      <Filter>Header Files\Unit\Ability</Filter>
    </ClInclude>
    <ClInclude Include="include\Unit\Weapon\DarkMagic.h">
      <Filter>Header Files\Unit\Weapon</Filter>
    </ClInclude>
    <ClInclude Include="include\Unit\Equipment\Equipment.h">
      <Filter>Header Files\Unit\Equipment</Filter>
    </ClInclude>
    <ClInclude Include="include\Unit\Weapon\Gauntlets.h">
      <Filter>Header Files\Unit\Weapon</Filter>
    </ClInclude>
    <ClInclude Include="include\Unit\Equipment\Gem.h">
      <Filter>Header Files\Unit\Equipment</Filter>
    </ClInclude>
    <ClInclude Include="include\Unit\Unit.h">
      <Filter>Header Files\Unit</Filter>
    </ClInclude>
    <ClInclude Include="include\Unit\Weapon\Lance.h">
      <Filter>Header Files\Unit\Weapon</Filter>
    </ClInclude>
    <ClInclude Include="include\Unit\Equipment\Ring.h">
      <Filter>Header Files\Unit\Equipment</Filter>
    </ClInclude>
    <ClInclude Include="include\Unit\Equipment\Shield.h">
      <Filter>Header Files\Unit\Equipment</Filter>
    </ClInclude>
    <ClInclude Include="include\Unit\Ability\SkillLevelAbility.h">
      <Filter>Header Files\Unit\Ability</Filter>
    </ClInclude>
    <ClInclude Include="include\Unit\Equipment\Staff.h">
      <Filter>Header Files\Unit\Equipment</Filter>
    </ClInclude>
    <ClInclude Include="include\Unit\Weapon\Sword.h">
      <Filter>Header Files\Unit\Weapon</Filter>
    </ClInclude>
    <ClInclude Include="include\Unit\Weapon\WhiteMagic.h">
      <Filter>Header Files\Unit\Weapon</Filter>
    </ClInclude>
    <ClInclude Include="include\Unit\Weapon\Weapon.h">
      <Filter>Header Files\Unit\Weapon</Filter>
    </ClInclude>
    <ClInclude Include="include\Stat.h">
      <Filter>Header Files</Filter>
    </ClInclude>
    <ClInclude Include="include\MyFrame.h">
      <Filter>Header Files</Filter>
    </ClInclude>
    <ClInclude Include="include\GridMain\GridBattalionStats.h">
      <Filter>Header Files\GridMain</Filter>
    </ClInclude>
    <ClInclude Include="include\GridMain\GridEquipmentStats.h">
      <Filter>Header Files\GridMain</Filter>
    </ClInclude>
    <ClInclude Include="include\GridMain\GridTotalStats.h">
      <Filter>Header Files\GridMain</Filter>
    </ClInclude>
    <ClInclude Include="include\GridMain\GridWeaponStats.h">
      <Filter>Header Files\GridMain</Filter>
    </ClInclude>
    <ClInclude Include="include\GTBMain\GTBBattalionStats.h">
      <Filter>Header Files\GTBMain</Filter>
    </ClInclude>
    <ClInclude Include="include\GTBMain\GTBEquipmentStats.h">
      <Filter>Header Files\GTBMain</Filter>
    </ClInclude>
    <ClInclude Include="include\GTBMain\GTBTotalStats.h">
      <Filter>Header Files\GTBMain</Filter>
    </ClInclude>
    <ClInclude Include="include\GTBMain\GTBWeaponStats.h">
      <Filter>Header Files\GTBMain</Filter>
    </ClInclude>
    <ClInclude Include="include\ListBox\ListBoxBattalions.h">
      <Filter>Header Files\ListBox</Filter>
    </ClInclude>
    <ClInclude Include="include\ListBox\ListBoxEquipment.h">
      <Filter>Header Files\ListBox</Filter>
    </ClInclude>
    <ClInclude Include="include\ListBox\ListBoxWeapons.h">
      <Filter>Header Files\ListBox</Filter>
    </ClInclude>
    <ClInclude Include="include\ButtonAddAbility.h">
      <Filter>Header Files</Filter>
    </ClInclude>
    <ClInclude Include="include\ButtonRemoveAbility.h">
      <Filter>Header Files</Filter>
    </ClInclude>
    <ClInclude Include="include\AbilityManager.h">
      <Filter>Header Files\OUTDATE BUT CODE STILL</Filter>
    </ClInclude>
    <ClInclude Include="include\ListBoxASLA.h">
      <Filter>Header Files\ListBox\ListBoxSL</Filter>
    </ClInclude>
    <ClInclude Include="include\ListBoxSSLA.h">
      <Filter>Header Files\ListBox\ListBoxSL</Filter>
    </ClInclude>
    <ClInclude Include="include\CurrentAbilities\ListBoxCHIA.h">
      <Filter>Header Files\ListBox\ListBoxCharClassA</Filter>
    </ClInclude>
    <ClInclude Include="include\CurrentAbilities\ListBoxCLIA.h">
      <Filter>Header Files\ListBox\ListBoxCharClassA</Filter>
    </ClInclude>
  </ItemGroup>
  <ItemGroup>
    <ClCompile Include="source\AbilityList.cpp">
      <Filter>Source Files</Filter>
    </ClCompile>
    <ClCompile Include="source\main.cpp">
      <Filter>Source Files</Filter>
    </ClCompile>
    <ClCompile Include="source\MyFrame.cpp">
      <Filter>Source Files</Filter>
    </ClCompile>
    <ClCompile Include="source\UnitList.cpp">
      <Filter>Source Files</Filter>
    </ClCompile>
    <ClCompile Include="source\MysteriousTeacher\DropDownCharacters.cpp">
      <Filter>Source Files\MysteriousTeacher</Filter>
    </ClCompile>
    <ClCompile Include="source\MysteriousTeacher\DropDownClasses.cpp">
      <Filter>Source Files\MysteriousTeacher</Filter>
    </ClCompile>
    <ClCompile Include="source\MysteriousTeacher\GridMysteriousTeacher.cpp">
      <Filter>Source Files\MysteriousTeacher</Filter>
    </ClCompile>
    <ClCompile Include="source\MysteriousTeacher\GTBMysteriousTeacher.cpp">
      <Filter>Source Files\MysteriousTeacher</Filter>
    </ClCompile>
    <ClCompile Include="source\MysteriousTeacher\MysteriousTeacher.cpp">
      <Filter>Source Files\MysteriousTeacher</Filter>
    </ClCompile>
    <ClCompile Include="source\MysteriousTeacher\SpinCtrlLevel.cpp">
      <Filter>Source Files\MysteriousTeacher</Filter>
    </ClCompile>
    <ClCompile Include="source\SkillLevelManager\DropDownSkillLevel.cpp">
      <Filter>Source Files\SkillLevelManager</Filter>
    </ClCompile>
    <ClCompile Include="source\SkillLevelManager\SkillLevelManager.cpp">
      <Filter>Source Files\SkillLevelManager</Filter>
    </ClCompile>
    <ClCompile Include="source\SkillLevelManager\StaticTextSkillLevel.cpp">
      <Filter>Source Files\SkillLevelManager</Filter>
    </ClCompile>
    <ClCompile Include="source\GridMain\GridBattalionStats.cpp">
      <Filter>Source Files\GridMain</Filter>
    </ClCompile>
    <ClCompile Include="source\GridMain\GridEquipmentStats.cpp">
      <Filter>Source Files\GridMain</Filter>
    </ClCompile>
    <ClCompile Include="source\GridMain\GridTotalStats.cpp">
      <Filter>Source Files\GridMain</Filter>
    </ClCompile>
    <ClCompile Include="source\GridMain\GridWeaponStats.cpp">
      <Filter>Source Files\GridMain</Filter>
    </ClCompile>
    <ClCompile Include="source\GTBMain\GTBBattalionStats.cpp">
      <Filter>Source Files\GTBMain</Filter>
    </ClCompile>
    <ClCompile Include="source\GTBMain\GTBEquipmentStats.cpp">
      <Filter>Source Files\GTBMain</Filter>
    </ClCompile>
    <ClCompile Include="source\GTBMain\GTBTotalStats.cpp">
      <Filter>Source Files\GTBMain</Filter>
    </ClCompile>
    <ClCompile Include="source\GTBMain\GTBWeaponStats.cpp">
      <Filter>Source Files\GTBMain</Filter>
    </ClCompile>
    <ClCompile Include="source\ListBox\ListBoxBattalions.cpp">
      <Filter>Source Files\ListBox</Filter>
    </ClCompile>
    <ClCompile Include="source\ListBox\ListBoxEquipment.cpp">
      <Filter>Source Files\ListBox</Filter>
    </ClCompile>
    <ClCompile Include="source\ListBox\ListBoxWeapons.cpp">
      <Filter>Source Files\ListBox</Filter>
    </ClCompile>
    <ClCompile Include="source\ButtonRemoveAbility.cpp">
      <Filter>Source Files</Filter>
    </ClCompile>
    <ClCompile Include="source\ButtonAddAbility.cpp">
      <Filter>Source Files</Filter>
    </ClCompile>
    <ClCompile Include="source\AbilityManager.cpp">
      <Filter>Source Files\OUTDATE BUT CODE STILL</Filter>
    </ClCompile>
    <ClCompile Include="source\ListBoxASLA.cpp">
      <Filter>Source Files\ListBox\ListBoxSL</Filter>
    </ClCompile>
    <ClCompile Include="source\ListBoxSSLA.cpp">
      <Filter>Source Files\ListBox\ListBoxSL</Filter>
    </ClCompile>
    <ClCompile Include="source\CurrentAbilities\ListBoxCHIA.cpp">
      <Filter>Source Files\ListBox\ListBoxCharClassA</Filter>
    </ClCompile>
    <ClCompile Include="source\CurrentAbilities\ListBoxCLIA.cpp">
      <Filter>Source Files\ListBox\ListBoxCharClassA</Filter>
    </ClCompile>
  </ItemGroup>
</Project>